// !$*UTF8*$!
{
	archiveVersion = 1;
	classes = {
	};
	objectVersion = 56;
	objects = {

/* Begin PBXBuildFile section */
		123173B5294A24BB00600C91 /* AppDelegate.swift in Sources */ = {isa = PBXBuildFile; fileRef = 123173B4294A24BB00600C91 /* AppDelegate.swift */; };
		123173B7294A24BB00600C91 /* SceneDelegate.swift in Sources */ = {isa = PBXBuildFile; fileRef = 123173B6294A24BB00600C91 /* SceneDelegate.swift */; };
		123173B9294A24BB00600C91 /* ViewController.swift in Sources */ = {isa = PBXBuildFile; fileRef = 123173B8294A24BB00600C91 /* ViewController.swift */; };
		123173BC294A24BB00600C91 /* Main.storyboard in Resources */ = {isa = PBXBuildFile; fileRef = 123173BA294A24BB00600C91 /* Main.storyboard */; };
		123173BE294A24BC00600C91 /* Assets.xcassets in Resources */ = {isa = PBXBuildFile; fileRef = 123173BD294A24BC00600C91 /* Assets.xcassets */; };
		123173C1294A24BC00600C91 /* LaunchScreen.storyboard in Resources */ = {isa = PBXBuildFile; fileRef = 123173BF294A24BC00600C91 /* LaunchScreen.storyboard */; };
		12317414294A3F6E00600C91 /* spain@2x.png in Resources */ = {isa = PBXBuildFile; fileRef = 123173FC294A3F6E00600C91 /* spain@2x.png */; };
		12317415294A3F6E00600C91 /* nigeria@2x.png in Resources */ = {isa = PBXBuildFile; fileRef = 123173FD294A3F6E00600C91 /* nigeria@2x.png */; };
		12317416294A3F6E00600C91 /* nigeria@3x.png in Resources */ = {isa = PBXBuildFile; fileRef = 123173FE294A3F6E00600C91 /* nigeria@3x.png */; };
		12317417294A3F6E00600C91 /* spain@3x.png in Resources */ = {isa = PBXBuildFile; fileRef = 123173FF294A3F6E00600C91 /* spain@3x.png */; };
		12317418294A3F6E00600C91 /* italy@3x.png in Resources */ = {isa = PBXBuildFile; fileRef = 12317400294A3F6E00600C91 /* italy@3x.png */; };
		12317419294A3F6E00600C91 /* ireland@2x.png in Resources */ = {isa = PBXBuildFile; fileRef = 12317401294A3F6E00600C91 /* ireland@2x.png */; };
		1231741A294A3F6E00600C91 /* germany@3x.png in Resources */ = {isa = PBXBuildFile; fileRef = 12317402294A3F6E00600C91 /* germany@3x.png */; };
		1231741B294A3F6E00600C91 /* germany@2x.png in Resources */ = {isa = PBXBuildFile; fileRef = 12317403294A3F6E00600C91 /* germany@2x.png */; };
		1231741C294A3F6E00600C91 /* ireland@3x.png in Resources */ = {isa = PBXBuildFile; fileRef = 12317404294A3F6E00600C91 /* ireland@3x.png */; };
		1231741D294A3F6E00600C91 /* italy@2x.png in Resources */ = {isa = PBXBuildFile; fileRef = 12317405294A3F6E00600C91 /* italy@2x.png */; };
		1231741E294A3F6E00600C91 /* poland@2x.png in Resources */ = {isa = PBXBuildFile; fileRef = 12317406294A3F6E00600C91 /* poland@2x.png */; };
		1231741F294A3F6E00600C91 /* russia@2x.png in Resources */ = {isa = PBXBuildFile; fileRef = 12317407294A3F6E00600C91 /* russia@2x.png */; };
		12317420294A3F6E00600C91 /* estonia@2x.png in Resources */ = {isa = PBXBuildFile; fileRef = 12317408294A3F6E00600C91 /* estonia@2x.png */; };
		12317421294A3F6E00600C91 /* estonia@3x.png in Resources */ = {isa = PBXBuildFile; fileRef = 12317409294A3F6E00600C91 /* estonia@3x.png */; };
		12317422294A3F6E00600C91 /* russia@3x.png in Resources */ = {isa = PBXBuildFile; fileRef = 1231740A294A3F6E00600C91 /* russia@3x.png */; };
		12317423294A3F6E00600C91 /* poland@3x.png in Resources */ = {isa = PBXBuildFile; fileRef = 1231740B294A3F6E00600C91 /* poland@3x.png */; };
		12317424294A3F6E00600C91 /* uk@3x.png in Resources */ = {isa = PBXBuildFile; fileRef = 1231740C294A3F6E00600C91 /* uk@3x.png */; };
		12317425294A3F6E00600C91 /* us@3x.png in Resources */ = {isa = PBXBuildFile; fileRef = 1231740D294A3F6E00600C91 /* us@3x.png */; };
		12317426294A3F6E00600C91 /* france@3x.png in Resources */ = {isa = PBXBuildFile; fileRef = 1231740E294A3F6E00600C91 /* france@3x.png */; };
		12317427294A3F6E00600C91 /* monaco@2x.png in Resources */ = {isa = PBXBuildFile; fileRef = 1231740F294A3F6E00600C91 /* monaco@2x.png */; };
		12317428294A3F6E00600C91 /* monaco@3x.png in Resources */ = {isa = PBXBuildFile; fileRef = 12317410294A3F6E00600C91 /* monaco@3x.png */; };
		12317429294A3F6E00600C91 /* france@2x.png in Resources */ = {isa = PBXBuildFile; fileRef = 12317411294A3F6E00600C91 /* france@2x.png */; };
		1231742A294A3F6E00600C91 /* us@2x.png in Resources */ = {isa = PBXBuildFile; fileRef = 12317412294A3F6E00600C91 /* us@2x.png */; };
		1231742B294A3F6E00600C91 /* uk@2x.png in Resources */ = {isa = PBXBuildFile; fileRef = 12317413294A3F6E00600C91 /* uk@2x.png */; };
		1231742D294A40AB00600C91 /* DetailViewController.swift in Sources */ = {isa = PBXBuildFile; fileRef = 1231742C294A40AB00600C91 /* DetailViewController.swift */; };
/* End PBXBuildFile section */

/* Begin PBXFileReference section */
		123173B1294A24BB00600C91 /* Ministone.app */ = {isa = PBXFileReference; explicitFileType = wrapper.application; includeInIndex = 0; path = Ministone.app; sourceTree = BUILT_PRODUCTS_DIR; };
		123173B4294A24BB00600C91 /* AppDelegate.swift */ = {isa = PBXFileReference; lastKnownFileType = sourcecode.swift; path = AppDelegate.swift; sourceTree = "<group>"; };
		123173B6294A24BB00600C91 /* SceneDelegate.swift */ = {isa = PBXFileReference; lastKnownFileType = sourcecode.swift; path = SceneDelegate.swift; sourceTree = "<group>"; };
		123173B8294A24BB00600C91 /* ViewController.swift */ = {isa = PBXFileReference; lastKnownFileType = sourcecode.swift; path = ViewController.swift; sourceTree = "<group>"; };
		123173BB294A24BB00600C91 /* Base */ = {isa = PBXFileReference; lastKnownFileType = file.storyboard; name = Base; path = Base.lproj/Main.storyboard; sourceTree = "<group>"; };
		123173BD294A24BC00600C91 /* Assets.xcassets */ = {isa = PBXFileReference; lastKnownFileType = folder.assetcatalog; path = Assets.xcassets; sourceTree = "<group>"; };
		123173C0294A24BC00600C91 /* Base */ = {isa = PBXFileReference; lastKnownFileType = file.storyboard; name = Base; path = Base.lproj/LaunchScreen.storyboard; sourceTree = "<group>"; };
		123173C2294A24BC00600C91 /* Info.plist */ = {isa = PBXFileReference; lastKnownFileType = text.plist.xml; path = Info.plist; sourceTree = "<group>"; };
		123173FC294A3F6E00600C91 /* spain@2x.png */ = {isa = PBXFileReference; lastKnownFileType = image.png; path = "spain@2x.png"; sourceTree = "<group>"; };
		123173FD294A3F6E00600C91 /* nigeria@2x.png */ = {isa = PBXFileReference; lastKnownFileType = image.png; path = "nigeria@2x.png"; sourceTree = "<group>"; };
		123173FE294A3F6E00600C91 /* nigeria@3x.png */ = {isa = PBXFileReference; lastKnownFileType = image.png; path = "nigeria@3x.png"; sourceTree = "<group>"; };
		123173FF294A3F6E00600C91 /* spain@3x.png */ = {isa = PBXFileReference; lastKnownFileType = image.png; path = "spain@3x.png"; sourceTree = "<group>"; };
		12317400294A3F6E00600C91 /* italy@3x.png */ = {isa = PBXFileReference; lastKnownFileType = image.png; path = "italy@3x.png"; sourceTree = "<group>"; };
		12317401294A3F6E00600C91 /* ireland@2x.png */ = {isa = PBXFileReference; lastKnownFileType = image.png; path = "ireland@2x.png"; sourceTree = "<group>"; };
		12317402294A3F6E00600C91 /* germany@3x.png */ = {isa = PBXFileReference; lastKnownFileType = image.png; path = "germany@3x.png"; sourceTree = "<group>"; };
		12317403294A3F6E00600C91 /* germany@2x.png */ = {isa = PBXFileReference; lastKnownFileType = image.png; path = "germany@2x.png"; sourceTree = "<group>"; };
		12317404294A3F6E00600C91 /* ireland@3x.png */ = {isa = PBXFileReference; lastKnownFileType = image.png; path = "ireland@3x.png"; sourceTree = "<group>"; };
		12317405294A3F6E00600C91 /* italy@2x.png */ = {isa = PBXFileReference; lastKnownFileType = image.png; path = "italy@2x.png"; sourceTree = "<group>"; };
		12317406294A3F6E00600C91 /* poland@2x.png */ = {isa = PBXFileReference; lastKnownFileType = image.png; path = "poland@2x.png"; sourceTree = "<group>"; };
		12317407294A3F6E00600C91 /* russia@2x.png */ = {isa = PBXFileReference; lastKnownFileType = image.png; path = "russia@2x.png"; sourceTree = "<group>"; };
		12317408294A3F6E00600C91 /* estonia@2x.png */ = {isa = PBXFileReference; lastKnownFileType = image.png; path = "estonia@2x.png"; sourceTree = "<group>"; };
		12317409294A3F6E00600C91 /* estonia@3x.png */ = {isa = PBXFileReference; lastKnownFileType = image.png; path = "estonia@3x.png"; sourceTree = "<group>"; };
		1231740A294A3F6E00600C91 /* russia@3x.png */ = {isa = PBXFileReference; lastKnownFileType = image.png; path = "russia@3x.png"; sourceTree = "<group>"; };
		1231740B294A3F6E00600C91 /* poland@3x.png */ = {isa = PBXFileReference; lastKnownFileType = image.png; path = "poland@3x.png"; sourceTree = "<group>"; };
		1231740C294A3F6E00600C91 /* uk@3x.png */ = {isa = PBXFileReference; lastKnownFileType = image.png; path = "uk@3x.png"; sourceTree = "<group>"; };
		1231740D294A3F6E00600C91 /* us@3x.png */ = {isa = PBXFileReference; lastKnownFileType = image.png; path = "us@3x.png"; sourceTree = "<group>"; };
		1231740E294A3F6E00600C91 /* france@3x.png */ = {isa = PBXFileReference; lastKnownFileType = image.png; path = "france@3x.png"; sourceTree = "<group>"; };
		1231740F294A3F6E00600C91 /* monaco@2x.png */ = {isa = PBXFileReference; lastKnownFileType = image.png; path = "monaco@2x.png"; sourceTree = "<group>"; };
		12317410294A3F6E00600C91 /* monaco@3x.png */ = {isa = PBXFileReference; lastKnownFileType = image.png; path = "monaco@3x.png"; sourceTree = "<group>"; };
		12317411294A3F6E00600C91 /* france@2x.png */ = {isa = PBXFileReference; lastKnownFileType = image.png; path = "france@2x.png"; sourceTree = "<group>"; };
		12317412294A3F6E00600C91 /* us@2x.png */ = {isa = PBXFileReference; lastKnownFileType = image.png; path = "us@2x.png"; sourceTree = "<group>"; };
		12317413294A3F6E00600C91 /* uk@2x.png */ = {isa = PBXFileReference; lastKnownFileType = image.png; path = "uk@2x.png"; sourceTree = "<group>"; };
		1231742C294A40AB00600C91 /* DetailViewController.swift */ = {isa = PBXFileReference; lastKnownFileType = sourcecode.swift; path = DetailViewController.swift; sourceTree = "<group>"; };
/* End PBXFileReference section */

/* Begin PBXFrameworksBuildPhase section */
		123173AE294A24BB00600C91 /* Frameworks */ = {
			isa = PBXFrameworksBuildPhase;
			buildActionMask = 2147483647;
			files = (
			);
			runOnlyForDeploymentPostprocessing = 0;
		};
/* End PBXFrameworksBuildPhase section */

/* Begin PBXGroup section */
		123173A8294A24BB00600C91 = {
			isa = PBXGroup;
			children = (
				123173B3294A24BB00600C91 /* Ministone */,
				123173B2294A24BB00600C91 /* Products */,
			);
			sourceTree = "<group>";
		};
		123173B2294A24BB00600C91 /* Products */ = {
			isa = PBXGroup;
			children = (
				123173B1294A24BB00600C91 /* Ministone.app */,
			);
			name = Products;
			sourceTree = "<group>";
		};
		123173B3294A24BB00600C91 /* Ministone */ = {
			isa = PBXGroup;
			children = (
				123173B4294A24BB00600C91 /* AppDelegate.swift */,
				123173B6294A24BB00600C91 /* SceneDelegate.swift */,
				123173B8294A24BB00600C91 /* ViewController.swift */,
				1231742C294A40AB00600C91 /* DetailViewController.swift */,
				123173BA294A24BB00600C91 /* Main.storyboard */,
				123173BD294A24BC00600C91 /* Assets.xcassets */,
				123173BF294A24BC00600C91 /* LaunchScreen.storyboard */,
				123173C2294A24BC00600C91 /* Info.plist */,
				123173FB294A3F6E00600C91 /* project2-files */,
			);
			path = Ministone;
			sourceTree = "<group>";
		};
		123173FB294A3F6E00600C91 /* project2-files */ = {
			isa = PBXGroup;
			children = (
				123173FC294A3F6E00600C91 /* spain@2x.png */,
				123173FD294A3F6E00600C91 /* nigeria@2x.png */,
				123173FE294A3F6E00600C91 /* nigeria@3x.png */,
				123173FF294A3F6E00600C91 /* spain@3x.png */,
				12317400294A3F6E00600C91 /* italy@3x.png */,
				12317401294A3F6E00600C91 /* ireland@2x.png */,
				12317402294A3F6E00600C91 /* germany@3x.png */,
				12317403294A3F6E00600C91 /* germany@2x.png */,
				12317404294A3F6E00600C91 /* ireland@3x.png */,
				12317405294A3F6E00600C91 /* italy@2x.png */,
				12317406294A3F6E00600C91 /* poland@2x.png */,
				12317407294A3F6E00600C91 /* russia@2x.png */,
				12317408294A3F6E00600C91 /* estonia@2x.png */,
				12317409294A3F6E00600C91 /* estonia@3x.png */,
				1231740A294A3F6E00600C91 /* russia@3x.png */,
				1231740B294A3F6E00600C91 /* poland@3x.png */,
				1231740C294A3F6E00600C91 /* uk@3x.png */,
				1231740D294A3F6E00600C91 /* us@3x.png */,
				1231740E294A3F6E00600C91 /* france@3x.png */,
				1231740F294A3F6E00600C91 /* monaco@2x.png */,
				12317410294A3F6E00600C91 /* monaco@3x.png */,
				12317411294A3F6E00600C91 /* france@2x.png */,
				12317412294A3F6E00600C91 /* us@2x.png */,
				12317413294A3F6E00600C91 /* uk@2x.png */,
			);
			path = "project2-files";
			sourceTree = "<group>";
		};
/* End PBXGroup section */

/* Begin PBXNativeTarget section */
		123173B0294A24BB00600C91 /* Ministone */ = {
			isa = PBXNativeTarget;
			buildConfigurationList = 123173C5294A24BC00600C91 /* Build configuration list for PBXNativeTarget "Ministone" */;
			buildPhases = (
				123173AD294A24BB00600C91 /* Sources */,
				123173AE294A24BB00600C91 /* Frameworks */,
				123173AF294A24BB00600C91 /* Resources */,
			);
			buildRules = (
			);
			dependencies = (
			);
			name = Ministone;
			productName = Ministone;
			productReference = 123173B1294A24BB00600C91 /* Ministone.app */;
			productType = "com.apple.product-type.application";
		};
/* End PBXNativeTarget section */

/* Begin PBXProject section */
		123173A9294A24BB00600C91 /* Project object */ = {
			isa = PBXProject;
			attributes = {
				BuildIndependentTargetsInParallel = 1;
				LastSwiftUpdateCheck = 1400;
				LastUpgradeCheck = 1400;
				TargetAttributes = {
					123173B0294A24BB00600C91 = {
						CreatedOnToolsVersion = 14.0.1;
					};
				};
			};
			buildConfigurationList = 123173AC294A24BB00600C91 /* Build configuration list for PBXProject "Ministone" */;
			compatibilityVersion = "Xcode 14.0";
			developmentRegion = en;
			hasScannedForEncodings = 0;
			knownRegions = (
				en,
				Base,
			);
			mainGroup = 123173A8294A24BB00600C91;
			productRefGroup = 123173B2294A24BB00600C91 /* Products */;
			projectDirPath = "";
			projectRoot = "";
			targets = (
				123173B0294A24BB00600C91 /* Ministone */,
			);
		};
/* End PBXProject section */

/* Begin PBXResourcesBuildPhase section */
		123173AF294A24BB00600C91 /* Resources */ = {
			isa = PBXResourcesBuildPhase;
			buildActionMask = 2147483647;
			files = (
				12317428294A3F6E00600C91 /* monaco@3x.png in Resources */,
				12317415294A3F6E00600C91 /* nigeria@2x.png in Resources */,
				1231742A294A3F6E00600C91 /* us@2x.png in Resources */,
				12317416294A3F6E00600C91 /* nigeria@3x.png in Resources */,
				12317423294A3F6E00600C91 /* poland@3x.png in Resources */,
				12317424294A3F6E00600C91 /* uk@3x.png in Resources */,
				12317429294A3F6E00600C91 /* france@2x.png in Resources */,
				1231741D294A3F6E00600C91 /* italy@2x.png in Resources */,
				12317414294A3F6E00600C91 /* spain@2x.png in Resources */,
				1231741A294A3F6E00600C91 /* germany@3x.png in Resources */,
				123173C1294A24BC00600C91 /* LaunchScreen.storyboard in Resources */,
				1231741E294A3F6E00600C91 /* poland@2x.png in Resources */,
				123173BE294A24BC00600C91 /* Assets.xcassets in Resources */,
				12317418294A3F6E00600C91 /* italy@3x.png in Resources */,
				12317421294A3F6E00600C91 /* estonia@3x.png in Resources */,
				12317427294A3F6E00600C91 /* monaco@2x.png in Resources */,
				123173BC294A24BB00600C91 /* Main.storyboard in Resources */,
				12317419294A3F6E00600C91 /* ireland@2x.png in Resources */,
				1231741B294A3F6E00600C91 /* germany@2x.png in Resources */,
				12317425294A3F6E00600C91 /* us@3x.png in Resources */,
				12317417294A3F6E00600C91 /* spain@3x.png in Resources */,
				1231741F294A3F6E00600C91 /* russia@2x.png in Resources */,
				12317420294A3F6E00600C91 /* estonia@2x.png in Resources */,
				12317422294A3F6E00600C91 /* russia@3x.png in Resources */,
				1231742B294A3F6E00600C91 /* uk@2x.png in Resources */,
				12317426294A3F6E00600C91 /* france@3x.png in Resources */,
				1231741C294A3F6E00600C91 /* ireland@3x.png in Resources */,
			);
			runOnlyForDeploymentPostprocessing = 0;
		};
/* End PBXResourcesBuildPhase section */

/* Begin PBXSourcesBuildPhase section */
		123173AD294A24BB00600C91 /* Sources */ = {
			isa = PBXSourcesBuildPhase;
			buildActionMask = 2147483647;
			files = (
				123173B9294A24BB00600C91 /* ViewController.swift in Sources */,
				123173B5294A24BB00600C91 /* AppDelegate.swift in Sources */,
				123173B7294A24BB00600C91 /* SceneDelegate.swift in Sources */,
				1231742D294A40AB00600C91 /* DetailViewController.swift in Sources */,
			);
			runOnlyForDeploymentPostprocessing = 0;
		};
/* End PBXSourcesBuildPhase section */

/* Begin PBXVariantGroup section */
		123173BA294A24BB00600C91 /* Main.storyboard */ = {
			isa = PBXVariantGroup;
			children = (
				123173BB294A24BB00600C91 /* Base */,
			);
			name = Main.storyboard;
			sourceTree = "<group>";
		};
		123173BF294A24BC00600C91 /* LaunchScreen.storyboard */ = {
			isa = PBXVariantGroup;
			children = (
				123173C0294A24BC00600C91 /* Base */,
			);
			name = LaunchScreen.storyboard;
			sourceTree = "<group>";
		};
/* End PBXVariantGroup section */

/* Begin XCBuildConfiguration section */
		123173C3294A24BC00600C91 /* Debug */ = {
			isa = XCBuildConfiguration;
			buildSettings = {
				ALWAYS_SEARCH_USER_PATHS = NO;
				CLANG_ANALYZER_NONNULL = YES;
				CLANG_ANALYZER_NUMBER_OBJECT_CONVERSION = YES_AGGRESSIVE;
				CLANG_CXX_LANGUAGE_STANDARD = "gnu++20";
				CLANG_ENABLE_MODULES = YES;
				CLANG_ENABLE_OBJC_ARC = YES;
				CLANG_ENABLE_OBJC_WEAK = YES;
				CLANG_WARN_BLOCK_CAPTURE_AUTORELEASING = YES;
				CLANG_WARN_BOOL_CONVERSION = YES;
				CLANG_WARN_COMMA = YES;
				CLANG_WARN_CONSTANT_CONVERSION = YES;
				CLANG_WARN_DEPRECATED_OBJC_IMPLEMENTATIONS = YES;
				CLANG_WARN_DIRECT_OBJC_ISA_USAGE = YES_ERROR;
				CLANG_WARN_DOCUMENTATION_COMMENTS = YES;
				CLANG_WARN_EMPTY_BODY = YES;
				CLANG_WARN_ENUM_CONVERSION = YES;
				CLANG_WARN_INFINITE_RECURSION = YES;
				CLANG_WARN_INT_CONVERSION = YES;
				CLANG_WARN_NON_LITERAL_NULL_CONVERSION = YES;
				CLANG_WARN_OBJC_IMPLICIT_RETAIN_SELF = YES;
				CLANG_WARN_OBJC_LITERAL_CONVERSION = YES;
				CLANG_WARN_OBJC_ROOT_CLASS = YES_ERROR;
				CLANG_WARN_QUOTED_INCLUDE_IN_FRAMEWORK_HEADER = YES;
				CLANG_WARN_RANGE_LOOP_ANALYSIS = YES;
				CLANG_WARN_STRICT_PROTOTYPES = YES;
				CLANG_WARN_SUSPICIOUS_MOVE = YES;
				CLANG_WARN_UNGUARDED_AVAILABILITY = YES_AGGRESSIVE;
				CLANG_WARN_UNREACHABLE_CODE = YES;
				CLANG_WARN__DUPLICATE_METHOD_MATCH = YES;
				COPY_PHASE_STRIP = NO;
				DEBUG_INFORMATION_FORMAT = dwarf;
				ENABLE_STRICT_OBJC_MSGSEND = YES;
				ENABLE_TESTABILITY = YES;
				GCC_C_LANGUAGE_STANDARD = gnu11;
				GCC_DYNAMIC_NO_PIC = NO;
				GCC_NO_COMMON_BLOCKS = YES;
				GCC_OPTIMIZATION_LEVEL = 0;
				GCC_PREPROCESSOR_DEFINITIONS = (
					"DEBUG=1",
					"$(inherited)",
				);
				GCC_WARN_64_TO_32_BIT_CONVERSION = YES;
				GCC_WARN_ABOUT_RETURN_TYPE = YES_ERROR;
				GCC_WARN_UNDECLARED_SELECTOR = YES;
				GCC_WARN_UNINITIALIZED_AUTOS = YES_AGGRESSIVE;
				GCC_WARN_UNUSED_FUNCTION = YES;
				GCC_WARN_UNUSED_VARIABLE = YES;
				IPHONEOS_DEPLOYMENT_TARGET = 16.0;
				MTL_ENABLE_DEBUG_INFO = INCLUDE_SOURCE;
				MTL_FAST_MATH = YES;
				ONLY_ACTIVE_ARCH = YES;
				SDKROOT = iphoneos;
				SWIFT_ACTIVE_COMPILATION_CONDITIONS = DEBUG;
				SWIFT_OPTIMIZATION_LEVEL = "-Onone";
			};
			name = Debug;
		};
		123173C4294A24BC00600C91 /* Release */ = {
			isa = XCBuildConfiguration;
			buildSettings = {
				ALWAYS_SEARCH_USER_PATHS = NO;
				CLANG_ANALYZER_NONNULL = YES;
				CLANG_ANALYZER_NUMBER_OBJECT_CONVERSION = YES_AGGRESSIVE;
				CLANG_CXX_LANGUAGE_STANDARD = "gnu++20";
				CLANG_ENABLE_MODULES = YES;
				CLANG_ENABLE_OBJC_ARC = YES;
				CLANG_ENABLE_OBJC_WEAK = YES;
				CLANG_WARN_BLOCK_CAPTURE_AUTORELEASING = YES;
				CLANG_WARN_BOOL_CONVERSION = YES;
				CLANG_WARN_COMMA = YES;
				CLANG_WARN_CONSTANT_CONVERSION = YES;
				CLANG_WARN_DEPRECATED_OBJC_IMPLEMENTATIONS = YES;
				CLANG_WARN_DIRECT_OBJC_ISA_USAGE = YES_ERROR;
				CLANG_WARN_DOCUMENTATION_COMMENTS = YES;
				CLANG_WARN_EMPTY_BODY = YES;
				CLANG_WARN_ENUM_CONVERSION = YES;
				CLANG_WARN_INFINITE_RECURSION = YES;
				CLANG_WARN_INT_CONVERSION = YES;
				CLANG_WARN_NON_LITERAL_NULL_CONVERSION = YES;
				CLANG_WARN_OBJC_IMPLICIT_RETAIN_SELF = YES;
				CLANG_WARN_OBJC_LITERAL_CONVERSION = YES;
				CLANG_WARN_OBJC_ROOT_CLASS = YES_ERROR;
				CLANG_WARN_QUOTED_INCLUDE_IN_FRAMEWORK_HEADER = YES;
				CLANG_WARN_RANGE_LOOP_ANALYSIS = YES;
				CLANG_WARN_STRICT_PROTOTYPES = YES;
				CLANG_WARN_SUSPICIOUS_MOVE = YES;
				CLANG_WARN_UNGUARDED_AVAILABILITY = YES_AGGRESSIVE;
				CLANG_WARN_UNREACHABLE_CODE = YES;
				CLANG_WARN__DUPLICATE_METHOD_MATCH = YES;
				COPY_PHASE_STRIP = NO;
				DEBUG_INFORMATION_FORMAT = "dwarf-with-dsym";
				ENABLE_NS_ASSERTIONS = NO;
				ENABLE_STRICT_OBJC_MSGSEND = YES;
				GCC_C_LANGUAGE_STANDARD = gnu11;
				GCC_NO_COMMON_BLOCKS = YES;
				GCC_WARN_64_TO_32_BIT_CONVERSION = YES;
				GCC_WARN_ABOUT_RETURN_TYPE = YES_ERROR;
				GCC_WARN_UNDECLARED_SELECTOR = YES;
				GCC_WARN_UNINITIALIZED_AUTOS = YES_AGGRESSIVE;
				GCC_WARN_UNUSED_FUNCTION = YES;
				GCC_WARN_UNUSED_VARIABLE = YES;
				IPHONEOS_DEPLOYMENT_TARGET = 16.0;
				MTL_ENABLE_DEBUG_INFO = NO;
				MTL_FAST_MATH = YES;
				SDKROOT = iphoneos;
				SWIFT_COMPILATION_MODE = wholemodule;
				SWIFT_OPTIMIZATION_LEVEL = "-O";
				VALIDATE_PRODUCT = YES;
			};
			name = Release;
		};
		123173C6294A24BC00600C91 /* Debug */ = {
			isa = XCBuildConfiguration;
			buildSettings = {
				ASSETCATALOG_COMPILER_APPICON_NAME = AppIcon;
				ASSETCATALOG_COMPILER_GLOBAL_ACCENT_COLOR_NAME = AccentColor;
				CODE_SIGN_STYLE = Automatic;
				CURRENT_PROJECT_VERSION = 1;
				DEVELOPMENT_TEAM = D23Z5VP235;
				GENERATE_INFOPLIST_FILE = YES;
				INFOPLIST_FILE = Ministone/Info.plist;
				INFOPLIST_KEY_UIApplicationSupportsIndirectInputEvents = YES;
				INFOPLIST_KEY_UILaunchStoryboardName = LaunchScreen;
				INFOPLIST_KEY_UIMainStoryboardFile = Main;
				INFOPLIST_KEY_UISupportedInterfaceOrientations_iPad = "UIInterfaceOrientationPortrait UIInterfaceOrientationPortraitUpsideDown UIInterfaceOrientationLandscapeLeft UIInterfaceOrientationLandscapeRight";
				INFOPLIST_KEY_UISupportedInterfaceOrientations_iPhone = "UIInterfaceOrientationPortrait UIInterfaceOrientationLandscapeLeft UIInterfaceOrientationLandscapeRight";
				LD_RUNPATH_SEARCH_PATHS = (
					"$(inherited)",
					"@executable_path/Frameworks",
				);
				MARKETING_VERSION = 1.0;
				PRODUCT_BUNDLE_IDENTIFIER = "----------.Ministone";
				PRODUCT_NAME = "$(TARGET_NAME)";
				SWIFT_EMIT_LOC_STRINGS = YES;
				SWIFT_VERSION = 5.0;
				TARGETED_DEVICE_FAMILY = "1,2";
			};
			name = Debug;
		};
		123173C7294A24BC00600C91 /* Release */ = {
			isa = XCBuildConfiguration;
			buildSettings = {
				ASSETCATALOG_COMPILER_APPICON_NAME = AppIcon;
				ASSETCATALOG_COMPILER_GLOBAL_ACCENT_COLOR_NAME = AccentColor;
				CODE_SIGN_STYLE = Automatic;
				CURRENT_PROJECT_VERSION = 1;
				DEVELOPMENT_TEAM = D23Z5VP235;
				GENERATE_INFOPLIST_FILE = YES;
				INFOPLIST_FILE = Ministone/Info.plist;
				INFOPLIST_KEY_UIApplicationSupportsIndirectInputEvents = YES;
				INFOPLIST_KEY_UILaunchStoryboardName = LaunchScreen;
				INFOPLIST_KEY_UIMainStoryboardFile = Main;
				INFOPLIST_KEY_UISupportedInterfaceOrientations_iPad = "UIInterfaceOrientationPortrait UIInterfaceOrientationPortraitUpsideDown UIInterfaceOrientationLandscapeLeft UIInterfaceOrientationLandscapeRight";
				INFOPLIST_KEY_UISupportedInterfaceOrientations_iPhone = "UIInterfaceOrientationPortrait UIInterfaceOrientationLandscapeLeft UIInterfaceOrientationLandscapeRight";
				LD_RUNPATH_SEARCH_PATHS = (
					"$(inherited)",
					"@executable_path/Frameworks",
				);
				MARKETING_VERSION = 1.0;
				PRODUCT_BUNDLE_IDENTIFIER = "----------.Ministone";
				PRODUCT_NAME = "$(TARGET_NAME)";
				SWIFT_EMIT_LOC_STRINGS = YES;
				SWIFT_VERSION = 5.0;
				TARGETED_DEVICE_FAMILY = "1,2";
			};
			name = Release;
		};
/* End XCBuildConfiguration section */

/* Begin XCConfigurationList section */
		123173AC294A24BB00600C91 /* Build configuration list for PBXProject "Ministone" */ = {
			isa = XCConfigurationList;
			buildConfigurations = (
				123173C3294A24BC00600C91 /* Debug */,
				123173C4294A24BC00600C91 /* Release */,
			);
			defaultConfigurationIsVisible = 0;
			defaultConfigurationName = Release;
		};
		123173C5294A24BC00600C91 /* Build configuration list for PBXNativeTarget "Ministone" */ = {
			isa = XCConfigurationList;
			buildConfigurations = (
				123173C6294A24BC00600C91 /* Debug */,
				123173C7294A24BC00600C91 /* Release */,
			);
			defaultConfigurationIsVisible = 0;
			defaultConfigurationName = Release;
		};
/* End XCConfigurationList section */
	};
	rootObject = 123173A9294A24BB00600C91 /* Project object */;
}
